
Microsoft Visual Studio Solution File, Format Version 12.00
# Visual Studio 14
VisualStudioVersion = 14.0.24720.0
MinimumVisualStudioVersion = 10.0.40219.1
Project("{FAE04EC0-301F-11D3-BF4B-00C04F79EFBC}") = "NannyAppMVC", "NannyApp\NannyAppMVC.csproj", "{635E7E33-3F8E-43CF-BDC3-FD880AF42A5E}"
	ProjectSection(ProjectDependencies) = postProject
		{0800D709-A81A-4226-B2F3-F76010EF1CA4} = {0800D709-A81A-4226-B2F3-F76010EF1CA4}
		{010DFEA1-8689-4732-B119-834AB2B1887F} = {010DFEA1-8689-4732-B119-834AB2B1887F}
	EndProjectSection
EndProject
Project("{FAE04EC0-301F-11D3-BF4B-00C04F79EFBC}") = "NannyApp.Model", "NannyApp.Model\NannyApp.Model.csproj", "{0800D709-A81A-4226-B2F3-F76010EF1CA4}"
EndProject
Project("{FAE04EC0-301F-11D3-BF4B-00C04F79EFBC}") = "NannyApp.DAL", "NannyApp.DAL\NannyApp.DAL.csproj", "{010DFEA1-8689-4732-B119-834AB2B1887F}"
EndProject
Project("{FAE04EC0-301F-11D3-BF4B-00C04F79EFBC}") = "NannyApp.DAL.Tests", "NannyApp.DAL.Tests\NannyApp.DAL.Tests.csproj", "{788F53CA-BE2E-4E33-B436-216DD71F73BE}"
EndProject
Project("{FAE04EC0-301F-11D3-BF4B-00C04F79EFBC}") = "NannyApp.BaseLib", "NannyApp.BaseLib\NannyApp.BaseLib.csproj", "{0EF04B02-ACF1-4790-88E5-2872C2F413AE}"
EndProject
Project("{FAE04EC0-301F-11D3-BF4B-00C04F79EFBC}") = "NannyApp.Start", "NannyApp.Start\NannyApp.Start.csproj", "{14C3B3FA-936C-483C-8F0D-6C047072C278}"
EndProject
Project("{FAE04EC0-301F-11D3-BF4B-00C04F79EFBC}") = "NannyApp.Controllers", "NannyApp.Controllers\NannyApp.Controllers.csproj", "{878C79EB-CEEF-444D-A01A-836E8C3DE1DF}"
EndProject
Project("{FAE04EC0-301F-11D3-BF4B-00C04F79EFBC}") = "NannyApp.Presentation", "NannyApp.Presentation\NannyApp.Presentation.csproj", "{28F80353-CC15-4E67-8DF0-F1B5C51EA522}"
EndProject
Project("{FAE04EC0-301F-11D3-BF4B-00C04F79EFBC}") = "NannyApp.Presentation.Tests", "UnitTestProject1\NannyApp.Presentation.Tests.csproj", "{6A51B6FE-3B9C-42D3-80EC-CF9AC0803769}"
EndProject
Global
	GlobalSection(SolutionConfigurationPlatforms) = preSolution
		Debug|Any CPU = Debug|Any CPU
		Release|Any CPU = Release|Any CPU
	EndGlobalSection
	GlobalSection(ProjectConfigurationPlatforms) = postSolution
		{635E7E33-3F8E-43CF-BDC3-FD880AF42A5E}.Debug|Any CPU.ActiveCfg = Debug|Any CPU
		{635E7E33-3F8E-43CF-BDC3-FD880AF42A5E}.Debug|Any CPU.Build.0 = Debug|Any CPU
		{635E7E33-3F8E-43CF-BDC3-FD880AF42A5E}.Release|Any CPU.ActiveCfg = Release|Any CPU
		{635E7E33-3F8E-43CF-BDC3-FD880AF42A5E}.Release|Any CPU.Build.0 = Release|Any CPU
		{0800D709-A81A-4226-B2F3-F76010EF1CA4}.Debug|Any CPU.ActiveCfg = Debug|Any CPU
		{0800D709-A81A-4226-B2F3-F76010EF1CA4}.Debug|Any CPU.Build.0 = Debug|Any CPU
		{0800D709-A81A-4226-B2F3-F76010EF1CA4}.Release|Any CPU.ActiveCfg = Release|Any CPU
		{0800D709-A81A-4226-B2F3-F76010EF1CA4}.Release|Any CPU.Build.0 = Release|Any CPU
		{010DFEA1-8689-4732-B119-834AB2B1887F}.Debug|Any CPU.ActiveCfg = Debug|Any CPU
		{010DFEA1-8689-4732-B119-834AB2B1887F}.Debug|Any CPU.Build.0 = Debug|Any CPU
		{010DFEA1-8689-4732-B119-834AB2B1887F}.Release|Any CPU.ActiveCfg = Release|Any CPU
		{010DFEA1-8689-4732-B119-834AB2B1887F}.Release|Any CPU.Build.0 = Release|Any CPU
		{788F53CA-BE2E-4E33-B436-216DD71F73BE}.Debug|Any CPU.ActiveCfg = Debug|Any CPU
		{788F53CA-BE2E-4E33-B436-216DD71F73BE}.Debug|Any CPU.Build.0 = Debug|Any CPU
		{788F53CA-BE2E-4E33-B436-216DD71F73BE}.Release|Any CPU.ActiveCfg = Release|Any CPU
		{788F53CA-BE2E-4E33-B436-216DD71F73BE}.Release|Any CPU.Build.0 = Release|Any CPU
		{0EF04B02-ACF1-4790-88E5-2872C2F413AE}.Debug|Any CPU.ActiveCfg = Debug|Any CPU
		{0EF04B02-ACF1-4790-88E5-2872C2F413AE}.Debug|Any CPU.Build.0 = Debug|Any CPU
		{0EF04B02-ACF1-4790-88E5-2872C2F413AE}.Release|Any CPU.ActiveCfg = Release|Any CPU
		{0EF04B02-ACF1-4790-88E5-2872C2F413AE}.Release|Any CPU.Build.0 = Release|Any CPU
		{14C3B3FA-936C-483C-8F0D-6C047072C278}.Debug|Any CPU.ActiveCfg = Debug|Any CPU
		{14C3B3FA-936C-483C-8F0D-6C047072C278}.Debug|Any CPU.Build.0 = Debug|Any CPU
		{14C3B3FA-936C-483C-8F0D-6C047072C278}.Release|Any CPU.ActiveCfg = Release|Any CPU
		{14C3B3FA-936C-483C-8F0D-6C047072C278}.Release|Any CPU.Build.0 = Release|Any CPU
		{878C79EB-CEEF-444D-A01A-836E8C3DE1DF}.Debug|Any CPU.ActiveCfg = Debug|Any CPU
		{878C79EB-CEEF-444D-A01A-836E8C3DE1DF}.Debug|Any CPU.Build.0 = Debug|Any CPU
		{878C79EB-CEEF-444D-A01A-836E8C3DE1DF}.Release|Any CPU.ActiveCfg = Release|Any CPU
		{878C79EB-CEEF-444D-A01A-836E8C3DE1DF}.Release|Any CPU.Build.0 = Release|Any CPU
		{28F80353-CC15-4E67-8DF0-F1B5C51EA522}.Debug|Any CPU.ActiveCfg = Debug|Any CPU
		{28F80353-CC15-4E67-8DF0-F1B5C51EA522}.Debug|Any CPU.Build.0 = Debug|Any CPU
		{28F80353-CC15-4E67-8DF0-F1B5C51EA522}.Release|Any CPU.ActiveCfg = Release|Any CPU
		{28F80353-CC15-4E67-8DF0-F1B5C51EA522}.Release|Any CPU.Build.0 = Release|Any CPU
		{6A51B6FE-3B9C-42D3-80EC-CF9AC0803769}.Debug|Any CPU.ActiveCfg = Debug|Any CPU
		{6A51B6FE-3B9C-42D3-80EC-CF9AC0803769}.Debug|Any CPU.Build.0 = Debug|Any CPU
		{6A51B6FE-3B9C-42D3-80EC-CF9AC0803769}.Release|Any CPU.ActiveCfg = Release|Any CPU
		{6A51B6FE-3B9C-42D3-80EC-CF9AC0803769}.Release|Any CPU.Build.0 = Release|Any CPU
	EndGlobalSection
	GlobalSection(SolutionProperties) = preSolution
		HideSolutionNode = FALSE
	EndGlobalSection
EndGlobal
